
Microsoft Visual Studio Solution File, Format Version 11.00
# Visual C# Express 2010
Project("{FAE04EC0-301F-11D3-BF4B-00C04F79EFBC}") = "DMF", "DMF\DMF\DMF.csproj", "{16772FE1-2D08-46E8-A805-5A9E5B3BAFC8}"
EndProject
Project("{96E2B04D-8817-42C6-938A-82C39BA4D311}") = "DMFContent", "DMF\DMFContent\DMFContent.contentproj", "{77E8E6FC-C31A-4075-AFE6-1949CADCF374}"
EndProject
Global
	GlobalSection(SolutionConfigurationPlatforms) = preSolution
		Debug|x86 = Debug|x86
		Release|x86 = Release|x86
	EndGlobalSection
	GlobalSection(ProjectConfigurationPlatforms) = postSolution
		{16772FE1-2D08-46E8-A805-5A9E5B3BAFC8}.Debug|x86.ActiveCfg = Debug|x86
		{16772FE1-2D08-46E8-A805-5A9E5B3BAFC8}.Debug|x86.Build.0 = Debug|x86
		{16772FE1-2D08-46E8-A805-5A9E5B3BAFC8}.Release|x86.ActiveCfg = Release|x86
		{16772FE1-2D08-46E8-A805-5A9E5B3BAFC8}.Release|x86.Build.0 = Release|x86
		{77E8E6FC-C31A-4075-AFE6-1949CADCF374}.Debug|x86.ActiveCfg = Debug|x86
		{77E8E6FC-C31A-4075-AFE6-1949CADCF374}.Release|x86.ActiveCfg = Release|x86
	EndGlobalSection
	GlobalSection(SolutionProperties) = preSolution
		HideSolutionNode = FALSE
	EndGlobalSection
EndGlobal
